
Microsoft Visual Studio Solution File, Format Version 12.00
Project("{FAE04EC0-301F-11D3-BF4B-00C04F79EFBC}") = "ScrubJay.Decka.Sandbox", "ConsoleApp\ScrubJay.Decka.Sandbox.csproj", "{EF53DF04-6031-45A0-9C3A-772B5ED23593}"
EndProject
Global
	GlobalSection(SolutionConfigurationPlatforms) = preSolution
		Debug|Any CPU = Debug|Any CPU
		Release|Any CPU = Release|Any CPU
	EndGlobalSection
	GlobalSection(ProjectConfigurationPlatforms) = postSolution
		{EF53DF04-6031-45A0-9C3A-772B5ED23593}.Debug|Any CPU.ActiveCfg = Debug|Any CPU
		{EF53DF04-6031-45A0-9C3A-772B5ED23593}.Debug|Any CPU.Build.0 = Debug|Any CPU
		{EF53DF04-6031-45A0-9C3A-772B5ED23593}.Release|Any CPU.ActiveCfg = Release|Any CPU
		{EF53DF04-6031-45A0-9C3A-772B5ED23593}.Release|Any CPU.Build.0 = Release|Any CPU
	EndGlobalSection
EndGlobal
